
Microsoft Visual Studio Solution File, Format Version 12.00
# Visual Studio Version 17
VisualStudioVersion = 17.11.35431.28
MinimumVisualStudioVersion = 10.0.40219.1
Project("{FAE04EC0-301F-11D3-BF4B-00C04F79EFBC}") = "SOLID", "Sample\SOLID.csproj", "{0B2DB572-7FC9-4DA2-BB37-44B5372D67C5}"
EndProject
Project("{FAE04EC0-301F-11D3-BF4B-00C04F79EFBC}") = "Simplicity-Driven Development", "Simplicity-Driven Development\Simplicity-Driven Development.csproj", "{90DE7B00-CFE8-4AE5-8C46-38EE1C5B670B}"
EndProject
Global
	GlobalSection(SolutionConfigurationPlatforms) = preSolution
		Debug|Any CPU = Debug|Any CPU
		Release|Any CPU = Release|Any CPU
	EndGlobalSection
	GlobalSection(ProjectConfigurationPlatforms) = postSolution
		{0B2DB572-7FC9-4DA2-BB37-44B5372D67C5}.Debug|Any CPU.ActiveCfg = Debug|Any CPU
		{0B2DB572-7FC9-4DA2-BB37-44B5372D67C5}.Debug|Any CPU.Build.0 = Debug|Any CPU
		{0B2DB572-7FC9-4DA2-BB37-44B5372D67C5}.Release|Any CPU.ActiveCfg = Release|Any CPU
		{0B2DB572-7FC9-4DA2-BB37-44B5372D67C5}.Release|Any CPU.Build.0 = Release|Any CPU
		{90DE7B00-CFE8-4AE5-8C46-38EE1C5B670B}.Debug|Any CPU.ActiveCfg = Debug|Any CPU
		{90DE7B00-CFE8-4AE5-8C46-38EE1C5B670B}.Debug|Any CPU.Build.0 = Debug|Any CPU
		{90DE7B00-CFE8-4AE5-8C46-38EE1C5B670B}.Release|Any CPU.ActiveCfg = Release|Any CPU
		{90DE7B00-CFE8-4AE5-8C46-38EE1C5B670B}.Release|Any CPU.Build.0 = Release|Any CPU
	EndGlobalSection
	GlobalSection(SolutionProperties) = preSolution
		HideSolutionNode = FALSE
	EndGlobalSection
	GlobalSection(ExtensibilityGlobals) = postSolution
		SolutionGuid = {49EE4D09-6432-4757-A82A-D61A29BD0057}
	EndGlobalSection
EndGlobal
