
Microsoft Visual Studio Solution File, Format Version 12.00
# Visual Studio Version 17
VisualStudioVersion = 17.11.35431.28
MinimumVisualStudioVersion = 10.0.40219.1
Project("{9A19103F-16F7-4668-BE54-9A1E7A4F7556}") = "SOLID", "Sample\SOLID.csproj", "{0B2DB572-7FC9-4DA2-BB37-44B5372D67C5}"
EndProject
Project("{9A19103F-16F7-4668-BE54-9A1E7A4F7556}") = "Simplicity-Driven Development", "Simplicity-Driven Development\Simplicity-Driven Development.csproj", "{90DE7B00-CFE8-4AE5-8C46-38EE1C5B670B}"
EndProject
Project("{2150E333-8FDC-42A3-9474-1A3956D46DE8}") = "Session_1", "Session_1", "{27F91F60-25B3-49E0-AE7F-3B2F66C3B596}"
EndProject
Project("{2150E333-8FDC-42A3-9474-1A3956D46DE8}") = "Session_2", "Session_2", "{DF81B5D1-4A3C-4E95-BD5B-CBC5195FC4BE}"
EndProject
Project("{9A19103F-16F7-4668-BE54-9A1E7A4F7556}") = "Asynchronous_1", "Asynchronous\Asynchronous_1.csproj", "{69BF2971-C9C2-4E56-9F44-F2AA8EBEF05C}"
EndProject
Project("{9A19103F-16F7-4668-BE54-9A1E7A4F7556}") = "Parallel", "Parallel\Parallel.csproj", "{12B3AF8D-110B-4B93-8DB7-29D5E660D0F5}"
EndProject
Project("{9A19103F-16F7-4668-BE54-9A1E7A4F7556}") = "Concurrency", "Concurrency\Concurrency.csproj", "{4BE05AF5-E7CE-430E-B3D5-022859D649D8}"
EndProject
Project("{2150E333-8FDC-42A3-9474-1A3956D46DE8}") = "Asyncronous", "Asyncronous", "{EE2B689E-1631-4924-92BE-C889384757D4}"
EndProject
Project("{2150E333-8FDC-42A3-9474-1A3956D46DE8}") = "Concurrency", "Concurrency", "{512F3BAE-6470-447F-9E31-EAB7AA18D237}"
EndProject
Project("{2150E333-8FDC-42A3-9474-1A3956D46DE8}") = "Parallel", "Parallel", "{13A08E18-C5B2-4851-B5AB-E72C5F98136A}"
EndProject
Project("{2150E333-8FDC-42A3-9474-1A3956D46DE8}") = "Thread", "Thread", "{20C82AF8-F979-4E63-99C6-5AD39B589381}"
EndProject
Project("{2150E333-8FDC-42A3-9474-1A3956D46DE8}") = "Session_3", "Session_3", "{903D4F6B-605C-45CA-89FA-2421AFB89B89}"
EndProject
Project("{9A19103F-16F7-4668-BE54-9A1E7A4F7556}") = "Asynchronous_2", "Asynchronous_2\Asynchronous_2.csproj", "{51D4B277-1000-43DD-A823-4D0808617B37}"
EndProject
Project("{9A19103F-16F7-4668-BE54-9A1E7A4F7556}") = "Thread_1", "Thread_1\Thread_1.csproj", "{D06F5294-73B5-40E7-A3AD-CFC16FEB1E71}"
EndProject
Project("{2150E333-8FDC-42A3-9474-1A3956D46DE8}") = "Synchronization", "Synchronization", "{43E90A36-BBDC-451A-B822-0BD106A5FA08}"
EndProject
Project("{9A19103F-16F7-4668-BE54-9A1E7A4F7556}") = "Semaphores", "SemaphoreSlim\Semaphores.csproj", "{F01F8E9A-8A50-4F1E-83EF-FB671C7800C3}"
EndProject
Project("{9A19103F-16F7-4668-BE54-9A1E7A4F7556}") = "Mutex", "Mutex\Mutex.csproj", "{5B8FF61A-440C-4137-AC4B-F628479A536E}"
EndProject
Project("{9A19103F-16F7-4668-BE54-9A1E7A4F7556}") = "Lock", "Lock\Lock.csproj", "{CAF5EB3E-2B37-41E9-94A4-F3ACE13315A9}"
EndProject
Project("{9A19103F-16F7-4668-BE54-9A1E7A4F7556}") = "Parallel_2", "Parallel_2\Parallel_2.csproj", "{258CACB9-E565-45F4-969C-1F17DF54A9B1}"
EndProject
Project("{2150E333-8FDC-42A3-9474-1A3956D46DE8}") = "Concurrent", "Concurrent", "{1F239340-1D2B-4DBF-8D6E-38F55057C5DF}"
EndProject
Project("{9A19103F-16F7-4668-BE54-9A1E7A4F7556}") = "ConcurrentBag", "ConcurrentBag\ConcurrentBag.csproj", "{43B33C4E-14EE-477D-B5BF-E1B23FC5C9AB}"
EndProject
Project("{9A19103F-16F7-4668-BE54-9A1E7A4F7556}") = "ConcurrentQueue", "ConcurrentQueue\ConcurrentQueue.csproj", "{53D2A7CF-D31F-4737-A5C2-4871863A2746}"
EndProject
Project("{9A19103F-16F7-4668-BE54-9A1E7A4F7556}") = "Mutex2", "Mutex2\Mutex2.csproj", "{A55DF4A7-5586-4CAF-A23F-7EBA5DBE0DDE}"
EndProject
Project("{2150E333-8FDC-42A3-9474-1A3956D46DE8}") = "AOP", "AOP", "{041F0B55-13B0-4F30-B97C-50BA334B8379}"
EndProject
Project("{FAE04EC0-301F-11D3-BF4B-00C04F79EFBC}") = "Spoonacular", "Spoonacular\Spoonacular.csproj", "{7DCD320F-5B94-4E49-9FA7-40DE8B31FD4F}"
EndProject
Global
	GlobalSection(SolutionConfigurationPlatforms) = preSolution
		Debug|Any CPU = Debug|Any CPU
		Release|Any CPU = Release|Any CPU
	EndGlobalSection
	GlobalSection(ProjectConfigurationPlatforms) = postSolution
		{0B2DB572-7FC9-4DA2-BB37-44B5372D67C5}.Debug|Any CPU.ActiveCfg = Debug|Any CPU
		{0B2DB572-7FC9-4DA2-BB37-44B5372D67C5}.Debug|Any CPU.Build.0 = Debug|Any CPU
		{0B2DB572-7FC9-4DA2-BB37-44B5372D67C5}.Release|Any CPU.ActiveCfg = Release|Any CPU
		{0B2DB572-7FC9-4DA2-BB37-44B5372D67C5}.Release|Any CPU.Build.0 = Release|Any CPU
		{90DE7B00-CFE8-4AE5-8C46-38EE1C5B670B}.Debug|Any CPU.ActiveCfg = Debug|Any CPU
		{90DE7B00-CFE8-4AE5-8C46-38EE1C5B670B}.Debug|Any CPU.Build.0 = Debug|Any CPU
		{90DE7B00-CFE8-4AE5-8C46-38EE1C5B670B}.Release|Any CPU.ActiveCfg = Release|Any CPU
		{90DE7B00-CFE8-4AE5-8C46-38EE1C5B670B}.Release|Any CPU.Build.0 = Release|Any CPU
		{69BF2971-C9C2-4E56-9F44-F2AA8EBEF05C}.Debug|Any CPU.ActiveCfg = Debug|Any CPU
		{69BF2971-C9C2-4E56-9F44-F2AA8EBEF05C}.Debug|Any CPU.Build.0 = Debug|Any CPU
		{69BF2971-C9C2-4E56-9F44-F2AA8EBEF05C}.Release|Any CPU.ActiveCfg = Release|Any CPU
		{69BF2971-C9C2-4E56-9F44-F2AA8EBEF05C}.Release|Any CPU.Build.0 = Release|Any CPU
		{12B3AF8D-110B-4B93-8DB7-29D5E660D0F5}.Debug|Any CPU.ActiveCfg = Debug|Any CPU
		{12B3AF8D-110B-4B93-8DB7-29D5E660D0F5}.Debug|Any CPU.Build.0 = Debug|Any CPU
		{12B3AF8D-110B-4B93-8DB7-29D5E660D0F5}.Release|Any CPU.ActiveCfg = Release|Any CPU
		{12B3AF8D-110B-4B93-8DB7-29D5E660D0F5}.Release|Any CPU.Build.0 = Release|Any CPU
		{4BE05AF5-E7CE-430E-B3D5-022859D649D8}.Debug|Any CPU.ActiveCfg = Debug|Any CPU
		{4BE05AF5-E7CE-430E-B3D5-022859D649D8}.Debug|Any CPU.Build.0 = Debug|Any CPU
		{4BE05AF5-E7CE-430E-B3D5-022859D649D8}.Release|Any CPU.ActiveCfg = Release|Any CPU
		{4BE05AF5-E7CE-430E-B3D5-022859D649D8}.Release|Any CPU.Build.0 = Release|Any CPU
		{51D4B277-1000-43DD-A823-4D0808617B37}.Debug|Any CPU.ActiveCfg = Debug|Any CPU
		{51D4B277-1000-43DD-A823-4D0808617B37}.Debug|Any CPU.Build.0 = Debug|Any CPU
		{51D4B277-1000-43DD-A823-4D0808617B37}.Release|Any CPU.ActiveCfg = Release|Any CPU
		{51D4B277-1000-43DD-A823-4D0808617B37}.Release|Any CPU.Build.0 = Release|Any CPU
		{D06F5294-73B5-40E7-A3AD-CFC16FEB1E71}.Debug|Any CPU.ActiveCfg = Debug|Any CPU
		{D06F5294-73B5-40E7-A3AD-CFC16FEB1E71}.Debug|Any CPU.Build.0 = Debug|Any CPU
		{D06F5294-73B5-40E7-A3AD-CFC16FEB1E71}.Release|Any CPU.ActiveCfg = Release|Any CPU
		{D06F5294-73B5-40E7-A3AD-CFC16FEB1E71}.Release|Any CPU.Build.0 = Release|Any CPU
		{F01F8E9A-8A50-4F1E-83EF-FB671C7800C3}.Debug|Any CPU.ActiveCfg = Debug|Any CPU
		{F01F8E9A-8A50-4F1E-83EF-FB671C7800C3}.Debug|Any CPU.Build.0 = Debug|Any CPU
		{F01F8E9A-8A50-4F1E-83EF-FB671C7800C3}.Release|Any CPU.ActiveCfg = Release|Any CPU
		{F01F8E9A-8A50-4F1E-83EF-FB671C7800C3}.Release|Any CPU.Build.0 = Release|Any CPU
		{5B8FF61A-440C-4137-AC4B-F628479A536E}.Debug|Any CPU.ActiveCfg = Debug|Any CPU
		{5B8FF61A-440C-4137-AC4B-F628479A536E}.Debug|Any CPU.Build.0 = Debug|Any CPU
		{5B8FF61A-440C-4137-AC4B-F628479A536E}.Release|Any CPU.ActiveCfg = Release|Any CPU
		{5B8FF61A-440C-4137-AC4B-F628479A536E}.Release|Any CPU.Build.0 = Release|Any CPU
		{CAF5EB3E-2B37-41E9-94A4-F3ACE13315A9}.Debug|Any CPU.ActiveCfg = Debug|Any CPU
		{CAF5EB3E-2B37-41E9-94A4-F3ACE13315A9}.Debug|Any CPU.Build.0 = Debug|Any CPU
		{CAF5EB3E-2B37-41E9-94A4-F3ACE13315A9}.Release|Any CPU.ActiveCfg = Release|Any CPU
		{CAF5EB3E-2B37-41E9-94A4-F3ACE13315A9}.Release|Any CPU.Build.0 = Release|Any CPU
		{258CACB9-E565-45F4-969C-1F17DF54A9B1}.Debug|Any CPU.ActiveCfg = Debug|Any CPU
		{258CACB9-E565-45F4-969C-1F17DF54A9B1}.Debug|Any CPU.Build.0 = Debug|Any CPU
		{258CACB9-E565-45F4-969C-1F17DF54A9B1}.Release|Any CPU.ActiveCfg = Release|Any CPU
		{258CACB9-E565-45F4-969C-1F17DF54A9B1}.Release|Any CPU.Build.0 = Release|Any CPU
		{43B33C4E-14EE-477D-B5BF-E1B23FC5C9AB}.Debug|Any CPU.ActiveCfg = Debug|Any CPU
		{43B33C4E-14EE-477D-B5BF-E1B23FC5C9AB}.Debug|Any CPU.Build.0 = Debug|Any CPU
		{43B33C4E-14EE-477D-B5BF-E1B23FC5C9AB}.Release|Any CPU.ActiveCfg = Release|Any CPU
		{43B33C4E-14EE-477D-B5BF-E1B23FC5C9AB}.Release|Any CPU.Build.0 = Release|Any CPU
		{53D2A7CF-D31F-4737-A5C2-4871863A2746}.Debug|Any CPU.ActiveCfg = Debug|Any CPU
		{53D2A7CF-D31F-4737-A5C2-4871863A2746}.Debug|Any CPU.Build.0 = Debug|Any CPU
		{53D2A7CF-D31F-4737-A5C2-4871863A2746}.Release|Any CPU.ActiveCfg = Release|Any CPU
		{53D2A7CF-D31F-4737-A5C2-4871863A2746}.Release|Any CPU.Build.0 = Release|Any CPU
		{A55DF4A7-5586-4CAF-A23F-7EBA5DBE0DDE}.Debug|Any CPU.ActiveCfg = Debug|Any CPU
		{A55DF4A7-5586-4CAF-A23F-7EBA5DBE0DDE}.Debug|Any CPU.Build.0 = Debug|Any CPU
		{A55DF4A7-5586-4CAF-A23F-7EBA5DBE0DDE}.Release|Any CPU.ActiveCfg = Release|Any CPU
		{A55DF4A7-5586-4CAF-A23F-7EBA5DBE0DDE}.Release|Any CPU.Build.0 = Release|Any CPU
		{7DCD320F-5B94-4E49-9FA7-40DE8B31FD4F}.Debug|Any CPU.ActiveCfg = Debug|Any CPU
		{7DCD320F-5B94-4E49-9FA7-40DE8B31FD4F}.Debug|Any CPU.Build.0 = Debug|Any CPU
		{7DCD320F-5B94-4E49-9FA7-40DE8B31FD4F}.Release|Any CPU.ActiveCfg = Release|Any CPU
		{7DCD320F-5B94-4E49-9FA7-40DE8B31FD4F}.Release|Any CPU.Build.0 = Release|Any CPU
	EndGlobalSection
	GlobalSection(SolutionProperties) = preSolution
		HideSolutionNode = FALSE
	EndGlobalSection
	GlobalSection(NestedProjects) = preSolution
		{0B2DB572-7FC9-4DA2-BB37-44B5372D67C5} = {27F91F60-25B3-49E0-AE7F-3B2F66C3B596}
		{90DE7B00-CFE8-4AE5-8C46-38EE1C5B670B} = {27F91F60-25B3-49E0-AE7F-3B2F66C3B596}
		{69BF2971-C9C2-4E56-9F44-F2AA8EBEF05C} = {EE2B689E-1631-4924-92BE-C889384757D4}
		{12B3AF8D-110B-4B93-8DB7-29D5E660D0F5} = {13A08E18-C5B2-4851-B5AB-E72C5F98136A}
		{4BE05AF5-E7CE-430E-B3D5-022859D649D8} = {512F3BAE-6470-447F-9E31-EAB7AA18D237}
		{EE2B689E-1631-4924-92BE-C889384757D4} = {DF81B5D1-4A3C-4E95-BD5B-CBC5195FC4BE}
		{512F3BAE-6470-447F-9E31-EAB7AA18D237} = {DF81B5D1-4A3C-4E95-BD5B-CBC5195FC4BE}
		{13A08E18-C5B2-4851-B5AB-E72C5F98136A} = {DF81B5D1-4A3C-4E95-BD5B-CBC5195FC4BE}
		{20C82AF8-F979-4E63-99C6-5AD39B589381} = {DF81B5D1-4A3C-4E95-BD5B-CBC5195FC4BE}
		{51D4B277-1000-43DD-A823-4D0808617B37} = {EE2B689E-1631-4924-92BE-C889384757D4}
		{D06F5294-73B5-40E7-A3AD-CFC16FEB1E71} = {20C82AF8-F979-4E63-99C6-5AD39B589381}
		{43E90A36-BBDC-451A-B822-0BD106A5FA08} = {903D4F6B-605C-45CA-89FA-2421AFB89B89}
		{F01F8E9A-8A50-4F1E-83EF-FB671C7800C3} = {43E90A36-BBDC-451A-B822-0BD106A5FA08}
		{5B8FF61A-440C-4137-AC4B-F628479A536E} = {43E90A36-BBDC-451A-B822-0BD106A5FA08}
		{CAF5EB3E-2B37-41E9-94A4-F3ACE13315A9} = {43E90A36-BBDC-451A-B822-0BD106A5FA08}
		{258CACB9-E565-45F4-969C-1F17DF54A9B1} = {13A08E18-C5B2-4851-B5AB-E72C5F98136A}
		{1F239340-1D2B-4DBF-8D6E-38F55057C5DF} = {903D4F6B-605C-45CA-89FA-2421AFB89B89}
		{43B33C4E-14EE-477D-B5BF-E1B23FC5C9AB} = {1F239340-1D2B-4DBF-8D6E-38F55057C5DF}
		{53D2A7CF-D31F-4737-A5C2-4871863A2746} = {1F239340-1D2B-4DBF-8D6E-38F55057C5DF}
		{A55DF4A7-5586-4CAF-A23F-7EBA5DBE0DDE} = {43E90A36-BBDC-451A-B822-0BD106A5FA08}
		{041F0B55-13B0-4F30-B97C-50BA334B8379} = {903D4F6B-605C-45CA-89FA-2421AFB89B89}
		{7DCD320F-5B94-4E49-9FA7-40DE8B31FD4F} = {041F0B55-13B0-4F30-B97C-50BA334B8379}
	EndGlobalSection
	GlobalSection(ExtensibilityGlobals) = postSolution
		SolutionGuid = {49EE4D09-6432-4757-A82A-D61A29BD0057}
	EndGlobalSection
EndGlobal
