
Microsoft Visual Studio Solution File, Format Version 12.00
# Visual Studio Version 17
VisualStudioVersion = 17.11.35431.28
MinimumVisualStudioVersion = 10.0.40219.1
Project("{9A19103F-16F7-4668-BE54-9A1E7A4F7556}") = "SOLID", "Sample\SOLID.csproj", "{0B2DB572-7FC9-4DA2-BB37-44B5372D67C5}"
EndProject
Project("{9A19103F-16F7-4668-BE54-9A1E7A4F7556}") = "Simplicity-Driven Development", "Simplicity-Driven Development\Simplicity-Driven Development.csproj", "{90DE7B00-CFE8-4AE5-8C46-38EE1C5B670B}"
EndProject
Project("{2150E333-8FDC-42A3-9474-1A3956D46DE8}") = "Session_1", "Session_1", "{27F91F60-25B3-49E0-AE7F-3B2F66C3B596}"
EndProject
Project("{2150E333-8FDC-42A3-9474-1A3956D46DE8}") = "Session_2", "Session_2", "{DF81B5D1-4A3C-4E95-BD5B-CBC5195FC4BE}"
EndProject
Project("{9A19103F-16F7-4668-BE54-9A1E7A4F7556}") = "Asynchronous_1", "Asynchronous\Asynchronous_1.csproj", "{69BF2971-C9C2-4E56-9F44-F2AA8EBEF05C}"
EndProject
Project("{9A19103F-16F7-4668-BE54-9A1E7A4F7556}") = "Parallel", "Parallel\Parallel.csproj", "{12B3AF8D-110B-4B93-8DB7-29D5E660D0F5}"
EndProject
Project("{9A19103F-16F7-4668-BE54-9A1E7A4F7556}") = "Concurrency", "Concurrency\Concurrency.csproj", "{4BE05AF5-E7CE-430E-B3D5-022859D649D8}"
EndProject
Project("{2150E333-8FDC-42A3-9474-1A3956D46DE8}") = "Asyncronous", "Asyncronous", "{EE2B689E-1631-4924-92BE-C889384757D4}"
EndProject
Project("{2150E333-8FDC-42A3-9474-1A3956D46DE8}") = "Concurrency", "Concurrency", "{512F3BAE-6470-447F-9E31-EAB7AA18D237}"
EndProject
Project("{2150E333-8FDC-42A3-9474-1A3956D46DE8}") = "Parallel", "Parallel", "{13A08E18-C5B2-4851-B5AB-E72C5F98136A}"
EndProject
Project("{2150E333-8FDC-42A3-9474-1A3956D46DE8}") = "Thread", "Thread", "{20C82AF8-F979-4E63-99C6-5AD39B589381}"
EndProject
Project("{2150E333-8FDC-42A3-9474-1A3956D46DE8}") = "Session_3", "Session_3", "{903D4F6B-605C-45CA-89FA-2421AFB89B89}"
EndProject
Project("{9A19103F-16F7-4668-BE54-9A1E7A4F7556}") = "Asynchronous_2", "Asynchronous_2\Asynchronous_2.csproj", "{51D4B277-1000-43DD-A823-4D0808617B37}"
EndProject
Project("{9A19103F-16F7-4668-BE54-9A1E7A4F7556}") = "Thread_1", "Thread_1\Thread_1.csproj", "{D06F5294-73B5-40E7-A3AD-CFC16FEB1E71}"
EndProject
Project("{2150E333-8FDC-42A3-9474-1A3956D46DE8}") = "Synchronization", "Synchronization", "{43E90A36-BBDC-451A-B822-0BD106A5FA08}"
EndProject
Project("{9A19103F-16F7-4668-BE54-9A1E7A4F7556}") = "Semaphores", "SemaphoreSlim\Semaphores.csproj", "{F01F8E9A-8A50-4F1E-83EF-FB671C7800C3}"
EndProject
Project("{9A19103F-16F7-4668-BE54-9A1E7A4F7556}") = "Mutex", "Mutex\Mutex.csproj", "{5B8FF61A-440C-4137-AC4B-F628479A536E}"
EndProject
Project("{9A19103F-16F7-4668-BE54-9A1E7A4F7556}") = "Lock", "Lock\Lock.csproj", "{CAF5EB3E-2B37-41E9-94A4-F3ACE13315A9}"
EndProject
Project("{9A19103F-16F7-4668-BE54-9A1E7A4F7556}") = "Parallel_2", "Parallel_2\Parallel_2.csproj", "{258CACB9-E565-45F4-969C-1F17DF54A9B1}"
EndProject
Project("{2150E333-8FDC-42A3-9474-1A3956D46DE8}") = "Concurrent", "Concurrent", "{1F239340-1D2B-4DBF-8D6E-38F55057C5DF}"
EndProject
Project("{9A19103F-16F7-4668-BE54-9A1E7A4F7556}") = "ConcurrentBag", "ConcurrentBag\ConcurrentBag.csproj", "{43B33C4E-14EE-477D-B5BF-E1B23FC5C9AB}"
EndProject
Project("{9A19103F-16F7-4668-BE54-9A1E7A4F7556}") = "ConcurrentQueue", "ConcurrentQueue\ConcurrentQueue.csproj", "{53D2A7CF-D31F-4737-A5C2-4871863A2746}"
EndProject
Project("{9A19103F-16F7-4668-BE54-9A1E7A4F7556}") = "Mutex2", "Mutex2\Mutex2.csproj", "{A55DF4A7-5586-4CAF-A23F-7EBA5DBE0DDE}"
EndProject
Project("{2150E333-8FDC-42A3-9474-1A3956D46DE8}") = "AOP", "AOP", "{041F0B55-13B0-4F30-B97C-50BA334B8379}"
EndProject
Project("{9A19103F-16F7-4668-BE54-9A1E7A4F7556}") = "Spoonacular", "Spoonacular\Spoonacular.csproj", "{7DCD320F-5B94-4E49-9FA7-40DE8B31FD4F}"
EndProject
Project("{9A19103F-16F7-4668-BE54-9A1E7A4F7556}") = "Coingecko", "Coingecko\Coingecko.csproj", "{985F30BC-EF5D-4B90-9EC2-620DB31A4D14}"
EndProject
Project("{2150E333-8FDC-42A3-9474-1A3956D46DE8}") = "ImmutableObj", "ImmutableObj", "{CC373A4D-70F7-4D86-9F05-358C189981E2}"
EndProject
Project("{9A19103F-16F7-4668-BE54-9A1E7A4F7556}") = "ImmutableObjects", "ImmutableObjects\ImmutableObjects.csproj", "{6140F0DF-FCBB-429B-8D40-BA29D7401C95}"
EndProject
Project("{9A19103F-16F7-4668-BE54-9A1E7A4F7556}") = "ImmutableObject2", "ImmutableObject2\ImmutableObject2.csproj", "{B2EE4FC7-17BE-41FD-94C3-35798C016549}"
EndProject
Project("{9A19103F-16F7-4668-BE54-9A1E7A4F7556}") = "PipeLines", "PipeLines\PipeLines.csproj", "{29C5A27F-96BE-4A85-9561-69F03F59E1BA}"
EndProject
Project("{2150E333-8FDC-42A3-9474-1A3956D46DE8}") = "Session_4", "Session_4", "{1753B5D8-95BE-448D-8187-829F96204B5D}"
EndProject
Project("{9A19103F-16F7-4668-BE54-9A1E7A4F7556}") = "RefTypeAndValueType", "StaticTypes\RefTypeAndValueType.csproj", "{424ED578-EEF5-4623-8C4F-9402F32A108D}"
EndProject
Project("{9A19103F-16F7-4668-BE54-9A1E7A4F7556}") = "GC", "GC\GC.csproj", "{78E900E4-0554-4DB8-8BAF-450A7D359BF3}"
EndProject
Project("{9A19103F-16F7-4668-BE54-9A1E7A4F7556}") = "WaitAndWhenAll", "WaitAndWhenAll\WaitAndWhenAll.csproj", "{A14F9F15-CB2B-40CB-9E12-4E3608B34835}"
EndProject
Project("{9A19103F-16F7-4668-BE54-9A1E7A4F7556}") = "GC_2", "GC_2\GC_2.csproj", "{2FBCD2D9-E0C4-405B-B871-C5409EAACF93}"
EndProject
Project("{9A19103F-16F7-4668-BE54-9A1E7A4F7556}") = "GC3", "GC3\GC3.csproj", "{6DA7377B-7D93-49E9-B120-F99DF87C86CE}"
EndProject
Project("{2150E333-8FDC-42A3-9474-1A3956D46DE8}") = "Session_5", "Session_5", "{C3E01877-63F6-4033-B8F8-E532AB282D38}"
EndProject
Project("{9A19103F-16F7-4668-BE54-9A1E7A4F7556}") = "Ref_Out_in", "Ref_In_Out\Ref_Out_in.csproj", "{E06E5E68-6B60-4E04-AD15-81185D0EBC97}"
EndProject
Project("{FAE04EC0-301F-11D3-BF4B-00C04F79EFBC}") = "Cargo", "ConsoleApp1\Cargo.csproj", "{A65B0096-2C7A-4BDE-97CA-9B19A71B32AD}"
EndProject
Project("{2150E333-8FDC-42A3-9474-1A3956D46DE8}") = "OOP", "OOP", "{6C93AA7A-AF88-49F7-9310-BEBD129F4616}"
EndProject
Project("{FAE04EC0-301F-11D3-BF4B-00C04F79EFBC}") = "RefReadonly_readonly", "ReadonlyRef_In\RefReadonly_readonly.csproj", "{FF626039-E2F6-408A-8934-80C6B3938B15}"
EndProject
Project("{FAE04EC0-301F-11D3-BF4B-00C04F79EFBC}") = "CallValuvsRef", "refreadonly&readonlyref\CallValuvsRef.csproj", "{A5C7153B-BDCB-426E-95EE-82A0D5AB2BB8}"
EndProject
Project("{FAE04EC0-301F-11D3-BF4B-00C04F79EFBC}") = "Span_Memory", "Span_Memory\Span_Memory.csproj", "{D8742C65-BAAA-4CB3-BD89-34F0223F43C0}"
EndProject
Project("{FAE04EC0-301F-11D3-BF4B-00C04F79EFBC}") = "CopyTo&TryCopyTo", "CopyTo&TryCopyTo\CopyTo&TryCopyTo.csproj", "{91096896-4E4A-4628-B597-488374522EDB}"
EndProject
Project("{FAE04EC0-301F-11D3-BF4B-00C04F79EFBC}") = "Slice_CopyTo_ReadOnlyMemory", "Slice_CopyTo_ReadOnlyMemory\Slice_CopyTo_ReadOnlyMemory.csproj", "{3083B283-84CF-46EF-BDDD-985C6FFE6472}"
EndProject
Project("{FAE04EC0-301F-11D3-BF4B-00C04F79EFBC}") = "TryCopyTo_ReadOnlyMemory", "TryCopyTo_ReadOnlyMemory\TryCopyTo_ReadOnlyMemory.csproj", "{8719D69C-27D6-40FF-9C03-FE41D593F0FB}"
EndProject
Project("{FAE04EC0-301F-11D3-BF4B-00C04F79EFBC}") = "Interfaces", "Interfaces\Interfaces.csproj", "{E0AC8618-1E84-463A-8D46-C34B92BA805D}"
EndProject
Project("{FAE04EC0-301F-11D3-BF4B-00C04F79EFBC}") = "BuufersSample", "BuufersSample\BuufersSample.csproj", "{80BFCB88-67C5-4336-8494-76A57B972230}"
EndProject
Project("{FAE04EC0-301F-11D3-BF4B-00C04F79EFBC}") = "CsharpGenericAdavance", "CsharpGenericAdavance\CsharpGenericAdavance.csproj", "{CD9EC275-BD7C-439F-91CE-820C975E9051}"
EndProject
Project("{2150E333-8FDC-42A3-9474-1A3956D46DE8}") = "UnitofWorkRepository", "UnitofWorkRepository", "{CD2385B7-FE44-4FFB-B4F9-010CF7BF236B}"
EndProject
Project("{FAE04EC0-301F-11D3-BF4B-00C04F79EFBC}") = "Domain", "Domain\Domain.csproj", "{060C9923-EB97-40DF-AAB6-1CA910125C09}"
EndProject
Project("{FAE04EC0-301F-11D3-BF4B-00C04F79EFBC}") = "Application", "Application\Application.csproj", "{446BF8FD-776B-4FB5-97E8-A46CB3F0014B}"
EndProject
Project("{FAE04EC0-301F-11D3-BF4B-00C04F79EFBC}") = "Infrastructure", "Infrastructure\Infrastructure.csproj", "{33E8301E-FEF1-4CBA-A0E4-C5E47E56F64B}"
EndProject
Project("{FAE04EC0-301F-11D3-BF4B-00C04F79EFBC}") = "Presentation.UI", "Presentation.UI\Presentation.UI.csproj", "{D4B1014A-1514-4509-8218-8A670EB2D3AC}"
EndProject
Project("{2150E333-8FDC-42A3-9474-1A3956D46DE8}") = "Session_6", "Session_6", "{BFE96429-3B72-4748-8810-7A846E63D3A7}"
EndProject
Project("{FAE04EC0-301F-11D3-BF4B-00C04F79EFBC}") = "DbFirst", "EfProject\DbFirst.csproj", "{EC78C249-93A0-48F6-A4EE-156C10308A78}"
EndProject
Project("{2150E333-8FDC-42A3-9474-1A3956D46DE8}") = "Models", "Models", "{33D90DA5-0400-43AE-905B-E23DE5B81720}"
EndProject
Project("{FAE04EC0-301F-11D3-BF4B-00C04F79EFBC}") = "EntityTypes", "EntityTypes\EntityTypes.csproj", "{86AA387F-9C6E-486F-8D46-D4607EAAECC4}"
EndProject
Project("{2150E333-8FDC-42A3-9474-1A3956D46DE8}") = "ScaffoldRelationShip", "ScaffoldRelationShip", "{F240D653-1A54-44AB-850C-1587298C2473}"
EndProject
Project("{2150E333-8FDC-42A3-9474-1A3956D46DE8}") = "Performance", "Performance", "{027D46BE-4ACF-4E5F-A253-A20CBF6DCBCD}"
EndProject
Project("{FAE04EC0-301F-11D3-BF4B-00C04F79EFBC}") = "ContextPooling", "ContextPooling\ContextPooling.csproj", "{98254144-B419-43A0-BDDD-9E2276394632}"
EndProject
Project("{FAE04EC0-301F-11D3-BF4B-00C04F79EFBC}") = "ContextPoolingWithState", "ContextPoolingWithState\ContextPoolingWithState.csproj", "{DFD40C35-B105-446A-A908-A751848DEEE6}"
EndProject
Project("{FAE04EC0-301F-11D3-BF4B-00C04F79EFBC}") = "IDisposableExample", "IDisposableExample\IDisposableExample.csproj", "{30DD17D7-82C7-42C9-8640-19D410CAB33C}"
EndProject
Project("{2150E333-8FDC-42A3-9474-1A3956D46DE8}") = "Sequence", "Sequence", "{AB64DC3A-7361-46D2-99F1-1F1B476C9DBE}"
	ProjectSection(SolutionItems) = preProject
		Sequence.cs = Sequence.cs
	EndProjectSection
EndProject
Project("{2150E333-8FDC-42A3-9474-1A3956D46DE8}") = "BackingFiels", "BackingFiels", "{AF97EC9B-FBC3-4625-8D9F-29938B4C2060}"
	ProjectSection(SolutionItems) = preProject
		BackingFieldscs.cs = BackingFieldscs.cs
	EndProjectSection
EndProject
Project("{2150E333-8FDC-42A3-9474-1A3956D46DE8}") = "Tracking", "Tracking", "{12441DC2-582B-43D9-978C-BD1C77BA3E4A}"
EndProject
Project("{FAE04EC0-301F-11D3-BF4B-00C04F79EFBC}") = "Track", "Track\Track.csproj", "{AD3CD2D5-B0DC-4CB7-A6C3-F353B5F01F7E}"
EndProject
Project("{2150E333-8FDC-42A3-9474-1A3956D46DE8}") = "SplitQuery", "SplitQuery", "{AA7AB26E-8317-4AD9-81DC-77C607470811}"
	ProjectSection(SolutionItems) = preProject
		SplitQuer.cs = SplitQuer.cs
	EndProjectSection
EndProject
Project("{2150E333-8FDC-42A3-9474-1A3956D46DE8}") = "Indexs", "Indexs", "{E37D0919-D341-4249-B808-1153F244E827}"
	ProjectSection(SolutionItems) = preProject
		EntityTypes\EntityTypes\FluentAPI\IndexComposite.cs = EntityTypes\EntityTypes\FluentAPI\IndexComposite.cs
		IndexCompositeDataAnnotation.cs = IndexCompositeDataAnnotation.cs
	EndProjectSection
EndProject
Project("{FAE04EC0-301F-11D3-BF4B-00C04F79EFBC}") = "TransactionPractice", "TransactionPractice\TransactionPractice.csproj", "{83D3901A-2979-4DD2-B2A6-D1740CD4D958}"
EndProject
Project("{2150E333-8FDC-42A3-9474-1A3956D46DE8}") = "Session_7", "Session_7", "{4568E98A-139F-41F4-A896-CD7235D7FDF5}"
EndProject
Project("{FAE04EC0-301F-11D3-BF4B-00C04F79EFBC}") = "Builder", "Builder\Builder.csproj", "{846D559D-C612-4B9F-B5C9-5416086ABE47}"
EndProject
Project("{FAE04EC0-301F-11D3-BF4B-00C04F79EFBC}") = "Singelton", "Singelton\Singelton.csproj", "{0705C68A-C685-4A33-8A44-B6CB025BF002}"
EndProject
Project("{FAE04EC0-301F-11D3-BF4B-00C04F79EFBC}") = "Decorator", "Decorator\Decorator.csproj", "{89FFF770-0EEC-475C-B093-E553C91F8AF8}"
EndProject
Project("{FAE04EC0-301F-11D3-BF4B-00C04F79EFBC}") = "Mediator", "Mediator\Mediator.csproj", "{FB4AE7CF-E8AE-4AF9-931A-3B56B9759018}"
EndProject
Project("{FAE04EC0-301F-11D3-BF4B-00C04F79EFBC}") = "Facade", "Facade\Facade.csproj", "{43386129-F8AD-44FE-A4D2-4EAB61627326}"
EndProject
Project("{2150E333-8FDC-42A3-9474-1A3956D46DE8}") = "AllFactory", "AllFactory", "{0585D9F4-F554-4C90-A10E-B719C8FC0896}"
EndProject
Project("{FAE04EC0-301F-11D3-BF4B-00C04F79EFBC}") = "FactoryMethod", "FactoryMethod\FactoryMethod.csproj", "{17C1ABC8-E125-4BE5-83A1-E1795311F56B}"
EndProject
Project("{FAE04EC0-301F-11D3-BF4B-00C04F79EFBC}") = "SimpleFactory", "SimpleFactory\SimpleFactory.csproj", "{4EF752EB-DC11-460B-A953-6F56F02514B0}"
EndProject
Project("{FAE04EC0-301F-11D3-BF4B-00C04F79EFBC}") = "AbstractFactory", "AbstractFactory\AbstractFactory.csproj", "{F7592006-3EB4-4766-A50D-D682582D6F5C}"
EndProject
Project("{FAE04EC0-301F-11D3-BF4B-00C04F79EFBC}") = "Strategy", "Strategy\Strategy.csproj", "{D088635F-287C-4E9C-9F4A-6CD577F843DC}"
EndProject
Project("{FAE04EC0-301F-11D3-BF4B-00C04F79EFBC}") = "TemplateMethod", "TemplateMethod\TemplateMethod.csproj", "{CB5C9C50-842A-4DD7-A6D8-2F92E0CE14C1}"
EndProject
Project("{FAE04EC0-301F-11D3-BF4B-00C04F79EFBC}") = "Visitor", "Visitor\Visitor.csproj", "{9DD21256-A4D0-42B4-88EE-C9E06DCB81CD}"
EndProject
Project("{FAE04EC0-301F-11D3-BF4B-00C04F79EFBC}") = "ChainofResponsibility", "ChainofResponsibility\ChainofResponsibility.csproj", "{22866FB8-DE05-43C7-AE2C-7A4FB54C8B05}"
EndProject
Project("{2150E333-8FDC-42A3-9474-1A3956D46DE8}") = "Combination practice", "Combination practice", "{D5CD8CBF-749B-4576-BE5B-3D6B157FADC5}"
EndProject
Project("{FAE04EC0-301F-11D3-BF4B-00C04F79EFBC}") = "Authentication System", "Authentication System\Authentication System.csproj", "{B15807C0-38C4-4254-ADD2-EA9062AA3A52}"
EndProject
Project("{FAE04EC0-301F-11D3-BF4B-00C04F79EFBC}") = "OrderManagementAPI", "OrderManagementAPI\OrderManagementAPI.csproj", "{6E3A4F74-4E9C-4AC6-B0D2-990571C3009B}"
EndProject
Project("{FAE04EC0-301F-11D3-BF4B-00C04F79EFBC}") = "CustomersHelp", "CustomersHelp\CustomersHelp.csproj", "{BCB3061C-2600-48FF-9824-05FAE8088B98}"
EndProject
Project("{FAE04EC0-301F-11D3-BF4B-00C04F79EFBC}") = "Organization", "Organization\Organization.csproj", "{0CFF6FCE-7CA5-4C08-86AD-DCA570B60FC0}"
EndProject
Global
	GlobalSection(SolutionConfigurationPlatforms) = preSolution
		Debug|Any CPU = Debug|Any CPU
		Release|Any CPU = Release|Any CPU
	EndGlobalSection
	GlobalSection(ProjectConfigurationPlatforms) = postSolution
		{0B2DB572-7FC9-4DA2-BB37-44B5372D67C5}.Debug|Any CPU.ActiveCfg = Debug|Any CPU
		{0B2DB572-7FC9-4DA2-BB37-44B5372D67C5}.Debug|Any CPU.Build.0 = Debug|Any CPU
		{0B2DB572-7FC9-4DA2-BB37-44B5372D67C5}.Release|Any CPU.ActiveCfg = Release|Any CPU
		{0B2DB572-7FC9-4DA2-BB37-44B5372D67C5}.Release|Any CPU.Build.0 = Release|Any CPU
		{90DE7B00-CFE8-4AE5-8C46-38EE1C5B670B}.Debug|Any CPU.ActiveCfg = Debug|Any CPU
		{90DE7B00-CFE8-4AE5-8C46-38EE1C5B670B}.Debug|Any CPU.Build.0 = Debug|Any CPU
		{90DE7B00-CFE8-4AE5-8C46-38EE1C5B670B}.Release|Any CPU.ActiveCfg = Release|Any CPU
		{90DE7B00-CFE8-4AE5-8C46-38EE1C5B670B}.Release|Any CPU.Build.0 = Release|Any CPU
		{69BF2971-C9C2-4E56-9F44-F2AA8EBEF05C}.Debug|Any CPU.ActiveCfg = Debug|Any CPU
		{69BF2971-C9C2-4E56-9F44-F2AA8EBEF05C}.Debug|Any CPU.Build.0 = Debug|Any CPU
		{69BF2971-C9C2-4E56-9F44-F2AA8EBEF05C}.Release|Any CPU.ActiveCfg = Release|Any CPU
		{69BF2971-C9C2-4E56-9F44-F2AA8EBEF05C}.Release|Any CPU.Build.0 = Release|Any CPU
		{12B3AF8D-110B-4B93-8DB7-29D5E660D0F5}.Debug|Any CPU.ActiveCfg = Debug|Any CPU
		{12B3AF8D-110B-4B93-8DB7-29D5E660D0F5}.Debug|Any CPU.Build.0 = Debug|Any CPU
		{12B3AF8D-110B-4B93-8DB7-29D5E660D0F5}.Release|Any CPU.ActiveCfg = Release|Any CPU
		{12B3AF8D-110B-4B93-8DB7-29D5E660D0F5}.Release|Any CPU.Build.0 = Release|Any CPU
		{4BE05AF5-E7CE-430E-B3D5-022859D649D8}.Debug|Any CPU.ActiveCfg = Debug|Any CPU
		{4BE05AF5-E7CE-430E-B3D5-022859D649D8}.Debug|Any CPU.Build.0 = Debug|Any CPU
		{4BE05AF5-E7CE-430E-B3D5-022859D649D8}.Release|Any CPU.ActiveCfg = Release|Any CPU
		{4BE05AF5-E7CE-430E-B3D5-022859D649D8}.Release|Any CPU.Build.0 = Release|Any CPU
		{51D4B277-1000-43DD-A823-4D0808617B37}.Debug|Any CPU.ActiveCfg = Debug|Any CPU
		{51D4B277-1000-43DD-A823-4D0808617B37}.Debug|Any CPU.Build.0 = Debug|Any CPU
		{51D4B277-1000-43DD-A823-4D0808617B37}.Release|Any CPU.ActiveCfg = Release|Any CPU
		{51D4B277-1000-43DD-A823-4D0808617B37}.Release|Any CPU.Build.0 = Release|Any CPU
		{D06F5294-73B5-40E7-A3AD-CFC16FEB1E71}.Debug|Any CPU.ActiveCfg = Debug|Any CPU
		{D06F5294-73B5-40E7-A3AD-CFC16FEB1E71}.Debug|Any CPU.Build.0 = Debug|Any CPU
		{D06F5294-73B5-40E7-A3AD-CFC16FEB1E71}.Release|Any CPU.ActiveCfg = Release|Any CPU
		{D06F5294-73B5-40E7-A3AD-CFC16FEB1E71}.Release|Any CPU.Build.0 = Release|Any CPU
		{F01F8E9A-8A50-4F1E-83EF-FB671C7800C3}.Debug|Any CPU.ActiveCfg = Debug|Any CPU
		{F01F8E9A-8A50-4F1E-83EF-FB671C7800C3}.Debug|Any CPU.Build.0 = Debug|Any CPU
		{F01F8E9A-8A50-4F1E-83EF-FB671C7800C3}.Release|Any CPU.ActiveCfg = Release|Any CPU
		{F01F8E9A-8A50-4F1E-83EF-FB671C7800C3}.Release|Any CPU.Build.0 = Release|Any CPU
		{5B8FF61A-440C-4137-AC4B-F628479A536E}.Debug|Any CPU.ActiveCfg = Debug|Any CPU
		{5B8FF61A-440C-4137-AC4B-F628479A536E}.Debug|Any CPU.Build.0 = Debug|Any CPU
		{5B8FF61A-440C-4137-AC4B-F628479A536E}.Release|Any CPU.ActiveCfg = Release|Any CPU
		{5B8FF61A-440C-4137-AC4B-F628479A536E}.Release|Any CPU.Build.0 = Release|Any CPU
		{CAF5EB3E-2B37-41E9-94A4-F3ACE13315A9}.Debug|Any CPU.ActiveCfg = Debug|Any CPU
		{CAF5EB3E-2B37-41E9-94A4-F3ACE13315A9}.Debug|Any CPU.Build.0 = Debug|Any CPU
		{CAF5EB3E-2B37-41E9-94A4-F3ACE13315A9}.Release|Any CPU.ActiveCfg = Release|Any CPU
		{CAF5EB3E-2B37-41E9-94A4-F3ACE13315A9}.Release|Any CPU.Build.0 = Release|Any CPU
		{258CACB9-E565-45F4-969C-1F17DF54A9B1}.Debug|Any CPU.ActiveCfg = Debug|Any CPU
		{258CACB9-E565-45F4-969C-1F17DF54A9B1}.Debug|Any CPU.Build.0 = Debug|Any CPU
		{258CACB9-E565-45F4-969C-1F17DF54A9B1}.Release|Any CPU.ActiveCfg = Release|Any CPU
		{258CACB9-E565-45F4-969C-1F17DF54A9B1}.Release|Any CPU.Build.0 = Release|Any CPU
		{43B33C4E-14EE-477D-B5BF-E1B23FC5C9AB}.Debug|Any CPU.ActiveCfg = Debug|Any CPU
		{43B33C4E-14EE-477D-B5BF-E1B23FC5C9AB}.Debug|Any CPU.Build.0 = Debug|Any CPU
		{43B33C4E-14EE-477D-B5BF-E1B23FC5C9AB}.Release|Any CPU.ActiveCfg = Release|Any CPU
		{43B33C4E-14EE-477D-B5BF-E1B23FC5C9AB}.Release|Any CPU.Build.0 = Release|Any CPU
		{53D2A7CF-D31F-4737-A5C2-4871863A2746}.Debug|Any CPU.ActiveCfg = Debug|Any CPU
		{53D2A7CF-D31F-4737-A5C2-4871863A2746}.Debug|Any CPU.Build.0 = Debug|Any CPU
		{53D2A7CF-D31F-4737-A5C2-4871863A2746}.Release|Any CPU.ActiveCfg = Release|Any CPU
		{53D2A7CF-D31F-4737-A5C2-4871863A2746}.Release|Any CPU.Build.0 = Release|Any CPU
		{A55DF4A7-5586-4CAF-A23F-7EBA5DBE0DDE}.Debug|Any CPU.ActiveCfg = Debug|Any CPU
		{A55DF4A7-5586-4CAF-A23F-7EBA5DBE0DDE}.Debug|Any CPU.Build.0 = Debug|Any CPU
		{A55DF4A7-5586-4CAF-A23F-7EBA5DBE0DDE}.Release|Any CPU.ActiveCfg = Release|Any CPU
		{A55DF4A7-5586-4CAF-A23F-7EBA5DBE0DDE}.Release|Any CPU.Build.0 = Release|Any CPU
		{7DCD320F-5B94-4E49-9FA7-40DE8B31FD4F}.Debug|Any CPU.ActiveCfg = Debug|Any CPU
		{7DCD320F-5B94-4E49-9FA7-40DE8B31FD4F}.Debug|Any CPU.Build.0 = Debug|Any CPU
		{7DCD320F-5B94-4E49-9FA7-40DE8B31FD4F}.Release|Any CPU.ActiveCfg = Release|Any CPU
		{7DCD320F-5B94-4E49-9FA7-40DE8B31FD4F}.Release|Any CPU.Build.0 = Release|Any CPU
		{985F30BC-EF5D-4B90-9EC2-620DB31A4D14}.Debug|Any CPU.ActiveCfg = Debug|Any CPU
		{985F30BC-EF5D-4B90-9EC2-620DB31A4D14}.Debug|Any CPU.Build.0 = Debug|Any CPU
		{985F30BC-EF5D-4B90-9EC2-620DB31A4D14}.Release|Any CPU.ActiveCfg = Release|Any CPU
		{985F30BC-EF5D-4B90-9EC2-620DB31A4D14}.Release|Any CPU.Build.0 = Release|Any CPU
		{6140F0DF-FCBB-429B-8D40-BA29D7401C95}.Debug|Any CPU.ActiveCfg = Debug|Any CPU
		{6140F0DF-FCBB-429B-8D40-BA29D7401C95}.Debug|Any CPU.Build.0 = Debug|Any CPU
		{6140F0DF-FCBB-429B-8D40-BA29D7401C95}.Release|Any CPU.ActiveCfg = Release|Any CPU
		{6140F0DF-FCBB-429B-8D40-BA29D7401C95}.Release|Any CPU.Build.0 = Release|Any CPU
		{B2EE4FC7-17BE-41FD-94C3-35798C016549}.Debug|Any CPU.ActiveCfg = Debug|Any CPU
		{B2EE4FC7-17BE-41FD-94C3-35798C016549}.Debug|Any CPU.Build.0 = Debug|Any CPU
		{B2EE4FC7-17BE-41FD-94C3-35798C016549}.Release|Any CPU.ActiveCfg = Release|Any CPU
		{B2EE4FC7-17BE-41FD-94C3-35798C016549}.Release|Any CPU.Build.0 = Release|Any CPU
		{29C5A27F-96BE-4A85-9561-69F03F59E1BA}.Debug|Any CPU.ActiveCfg = Debug|Any CPU
		{29C5A27F-96BE-4A85-9561-69F03F59E1BA}.Debug|Any CPU.Build.0 = Debug|Any CPU
		{29C5A27F-96BE-4A85-9561-69F03F59E1BA}.Release|Any CPU.ActiveCfg = Release|Any CPU
		{29C5A27F-96BE-4A85-9561-69F03F59E1BA}.Release|Any CPU.Build.0 = Release|Any CPU
		{424ED578-EEF5-4623-8C4F-9402F32A108D}.Debug|Any CPU.ActiveCfg = Debug|Any CPU
		{424ED578-EEF5-4623-8C4F-9402F32A108D}.Debug|Any CPU.Build.0 = Debug|Any CPU
		{424ED578-EEF5-4623-8C4F-9402F32A108D}.Release|Any CPU.ActiveCfg = Release|Any CPU
		{424ED578-EEF5-4623-8C4F-9402F32A108D}.Release|Any CPU.Build.0 = Release|Any CPU
		{78E900E4-0554-4DB8-8BAF-450A7D359BF3}.Debug|Any CPU.ActiveCfg = Debug|Any CPU
		{78E900E4-0554-4DB8-8BAF-450A7D359BF3}.Debug|Any CPU.Build.0 = Debug|Any CPU
		{78E900E4-0554-4DB8-8BAF-450A7D359BF3}.Release|Any CPU.ActiveCfg = Release|Any CPU
		{78E900E4-0554-4DB8-8BAF-450A7D359BF3}.Release|Any CPU.Build.0 = Release|Any CPU
		{A14F9F15-CB2B-40CB-9E12-4E3608B34835}.Debug|Any CPU.ActiveCfg = Debug|Any CPU
		{A14F9F15-CB2B-40CB-9E12-4E3608B34835}.Debug|Any CPU.Build.0 = Debug|Any CPU
		{A14F9F15-CB2B-40CB-9E12-4E3608B34835}.Release|Any CPU.ActiveCfg = Release|Any CPU
		{A14F9F15-CB2B-40CB-9E12-4E3608B34835}.Release|Any CPU.Build.0 = Release|Any CPU
		{2FBCD2D9-E0C4-405B-B871-C5409EAACF93}.Debug|Any CPU.ActiveCfg = Debug|Any CPU
		{2FBCD2D9-E0C4-405B-B871-C5409EAACF93}.Debug|Any CPU.Build.0 = Debug|Any CPU
		{2FBCD2D9-E0C4-405B-B871-C5409EAACF93}.Release|Any CPU.ActiveCfg = Release|Any CPU
		{2FBCD2D9-E0C4-405B-B871-C5409EAACF93}.Release|Any CPU.Build.0 = Release|Any CPU
		{6DA7377B-7D93-49E9-B120-F99DF87C86CE}.Debug|Any CPU.ActiveCfg = Debug|Any CPU
		{6DA7377B-7D93-49E9-B120-F99DF87C86CE}.Debug|Any CPU.Build.0 = Debug|Any CPU
		{6DA7377B-7D93-49E9-B120-F99DF87C86CE}.Release|Any CPU.ActiveCfg = Release|Any CPU
		{6DA7377B-7D93-49E9-B120-F99DF87C86CE}.Release|Any CPU.Build.0 = Release|Any CPU
		{E06E5E68-6B60-4E04-AD15-81185D0EBC97}.Debug|Any CPU.ActiveCfg = Debug|Any CPU
		{E06E5E68-6B60-4E04-AD15-81185D0EBC97}.Debug|Any CPU.Build.0 = Debug|Any CPU
		{E06E5E68-6B60-4E04-AD15-81185D0EBC97}.Release|Any CPU.ActiveCfg = Release|Any CPU
		{E06E5E68-6B60-4E04-AD15-81185D0EBC97}.Release|Any CPU.Build.0 = Release|Any CPU
		{A65B0096-2C7A-4BDE-97CA-9B19A71B32AD}.Debug|Any CPU.ActiveCfg = Debug|Any CPU
		{A65B0096-2C7A-4BDE-97CA-9B19A71B32AD}.Debug|Any CPU.Build.0 = Debug|Any CPU
		{A65B0096-2C7A-4BDE-97CA-9B19A71B32AD}.Release|Any CPU.ActiveCfg = Release|Any CPU
		{A65B0096-2C7A-4BDE-97CA-9B19A71B32AD}.Release|Any CPU.Build.0 = Release|Any CPU
		{FF626039-E2F6-408A-8934-80C6B3938B15}.Debug|Any CPU.ActiveCfg = Debug|Any CPU
		{FF626039-E2F6-408A-8934-80C6B3938B15}.Debug|Any CPU.Build.0 = Debug|Any CPU
		{FF626039-E2F6-408A-8934-80C6B3938B15}.Release|Any CPU.ActiveCfg = Release|Any CPU
		{FF626039-E2F6-408A-8934-80C6B3938B15}.Release|Any CPU.Build.0 = Release|Any CPU
		{A5C7153B-BDCB-426E-95EE-82A0D5AB2BB8}.Debug|Any CPU.ActiveCfg = Debug|Any CPU
		{A5C7153B-BDCB-426E-95EE-82A0D5AB2BB8}.Debug|Any CPU.Build.0 = Debug|Any CPU
		{A5C7153B-BDCB-426E-95EE-82A0D5AB2BB8}.Release|Any CPU.ActiveCfg = Release|Any CPU
		{A5C7153B-BDCB-426E-95EE-82A0D5AB2BB8}.Release|Any CPU.Build.0 = Release|Any CPU
		{D8742C65-BAAA-4CB3-BD89-34F0223F43C0}.Debug|Any CPU.ActiveCfg = Debug|Any CPU
		{D8742C65-BAAA-4CB3-BD89-34F0223F43C0}.Debug|Any CPU.Build.0 = Debug|Any CPU
		{D8742C65-BAAA-4CB3-BD89-34F0223F43C0}.Release|Any CPU.ActiveCfg = Release|Any CPU
		{D8742C65-BAAA-4CB3-BD89-34F0223F43C0}.Release|Any CPU.Build.0 = Release|Any CPU
		{91096896-4E4A-4628-B597-488374522EDB}.Debug|Any CPU.ActiveCfg = Debug|Any CPU
		{91096896-4E4A-4628-B597-488374522EDB}.Debug|Any CPU.Build.0 = Debug|Any CPU
		{91096896-4E4A-4628-B597-488374522EDB}.Release|Any CPU.ActiveCfg = Release|Any CPU
		{91096896-4E4A-4628-B597-488374522EDB}.Release|Any CPU.Build.0 = Release|Any CPU
		{3083B283-84CF-46EF-BDDD-985C6FFE6472}.Debug|Any CPU.ActiveCfg = Debug|Any CPU
		{3083B283-84CF-46EF-BDDD-985C6FFE6472}.Debug|Any CPU.Build.0 = Debug|Any CPU
		{3083B283-84CF-46EF-BDDD-985C6FFE6472}.Release|Any CPU.ActiveCfg = Release|Any CPU
		{3083B283-84CF-46EF-BDDD-985C6FFE6472}.Release|Any CPU.Build.0 = Release|Any CPU
		{8719D69C-27D6-40FF-9C03-FE41D593F0FB}.Debug|Any CPU.ActiveCfg = Debug|Any CPU
		{8719D69C-27D6-40FF-9C03-FE41D593F0FB}.Debug|Any CPU.Build.0 = Debug|Any CPU
		{8719D69C-27D6-40FF-9C03-FE41D593F0FB}.Release|Any CPU.ActiveCfg = Release|Any CPU
		{8719D69C-27D6-40FF-9C03-FE41D593F0FB}.Release|Any CPU.Build.0 = Release|Any CPU
		{E0AC8618-1E84-463A-8D46-C34B92BA805D}.Debug|Any CPU.ActiveCfg = Debug|Any CPU
		{E0AC8618-1E84-463A-8D46-C34B92BA805D}.Debug|Any CPU.Build.0 = Debug|Any CPU
		{E0AC8618-1E84-463A-8D46-C34B92BA805D}.Release|Any CPU.ActiveCfg = Release|Any CPU
		{E0AC8618-1E84-463A-8D46-C34B92BA805D}.Release|Any CPU.Build.0 = Release|Any CPU
		{80BFCB88-67C5-4336-8494-76A57B972230}.Debug|Any CPU.ActiveCfg = Debug|Any CPU
		{80BFCB88-67C5-4336-8494-76A57B972230}.Debug|Any CPU.Build.0 = Debug|Any CPU
		{80BFCB88-67C5-4336-8494-76A57B972230}.Release|Any CPU.ActiveCfg = Release|Any CPU
		{80BFCB88-67C5-4336-8494-76A57B972230}.Release|Any CPU.Build.0 = Release|Any CPU
		{CD9EC275-BD7C-439F-91CE-820C975E9051}.Debug|Any CPU.ActiveCfg = Debug|Any CPU
		{CD9EC275-BD7C-439F-91CE-820C975E9051}.Debug|Any CPU.Build.0 = Debug|Any CPU
		{CD9EC275-BD7C-439F-91CE-820C975E9051}.Release|Any CPU.ActiveCfg = Release|Any CPU
		{CD9EC275-BD7C-439F-91CE-820C975E9051}.Release|Any CPU.Build.0 = Release|Any CPU
		{060C9923-EB97-40DF-AAB6-1CA910125C09}.Debug|Any CPU.ActiveCfg = Debug|Any CPU
		{060C9923-EB97-40DF-AAB6-1CA910125C09}.Debug|Any CPU.Build.0 = Debug|Any CPU
		{060C9923-EB97-40DF-AAB6-1CA910125C09}.Release|Any CPU.ActiveCfg = Release|Any CPU
		{060C9923-EB97-40DF-AAB6-1CA910125C09}.Release|Any CPU.Build.0 = Release|Any CPU
		{446BF8FD-776B-4FB5-97E8-A46CB3F0014B}.Debug|Any CPU.ActiveCfg = Debug|Any CPU
		{446BF8FD-776B-4FB5-97E8-A46CB3F0014B}.Debug|Any CPU.Build.0 = Debug|Any CPU
		{446BF8FD-776B-4FB5-97E8-A46CB3F0014B}.Release|Any CPU.ActiveCfg = Release|Any CPU
		{446BF8FD-776B-4FB5-97E8-A46CB3F0014B}.Release|Any CPU.Build.0 = Release|Any CPU
		{33E8301E-FEF1-4CBA-A0E4-C5E47E56F64B}.Debug|Any CPU.ActiveCfg = Debug|Any CPU
		{33E8301E-FEF1-4CBA-A0E4-C5E47E56F64B}.Debug|Any CPU.Build.0 = Debug|Any CPU
		{33E8301E-FEF1-4CBA-A0E4-C5E47E56F64B}.Release|Any CPU.ActiveCfg = Release|Any CPU
		{33E8301E-FEF1-4CBA-A0E4-C5E47E56F64B}.Release|Any CPU.Build.0 = Release|Any CPU
		{D4B1014A-1514-4509-8218-8A670EB2D3AC}.Debug|Any CPU.ActiveCfg = Debug|Any CPU
		{D4B1014A-1514-4509-8218-8A670EB2D3AC}.Debug|Any CPU.Build.0 = Debug|Any CPU
		{D4B1014A-1514-4509-8218-8A670EB2D3AC}.Release|Any CPU.ActiveCfg = Release|Any CPU
		{D4B1014A-1514-4509-8218-8A670EB2D3AC}.Release|Any CPU.Build.0 = Release|Any CPU
		{EC78C249-93A0-48F6-A4EE-156C10308A78}.Debug|Any CPU.ActiveCfg = Debug|Any CPU
		{EC78C249-93A0-48F6-A4EE-156C10308A78}.Debug|Any CPU.Build.0 = Debug|Any CPU
		{EC78C249-93A0-48F6-A4EE-156C10308A78}.Release|Any CPU.ActiveCfg = Release|Any CPU
		{EC78C249-93A0-48F6-A4EE-156C10308A78}.Release|Any CPU.Build.0 = Release|Any CPU
		{86AA387F-9C6E-486F-8D46-D4607EAAECC4}.Debug|Any CPU.ActiveCfg = Debug|Any CPU
		{86AA387F-9C6E-486F-8D46-D4607EAAECC4}.Debug|Any CPU.Build.0 = Debug|Any CPU
		{86AA387F-9C6E-486F-8D46-D4607EAAECC4}.Release|Any CPU.ActiveCfg = Release|Any CPU
		{86AA387F-9C6E-486F-8D46-D4607EAAECC4}.Release|Any CPU.Build.0 = Release|Any CPU
		{98254144-B419-43A0-BDDD-9E2276394632}.Debug|Any CPU.ActiveCfg = Debug|Any CPU
		{98254144-B419-43A0-BDDD-9E2276394632}.Debug|Any CPU.Build.0 = Debug|Any CPU
		{98254144-B419-43A0-BDDD-9E2276394632}.Release|Any CPU.ActiveCfg = Release|Any CPU
		{98254144-B419-43A0-BDDD-9E2276394632}.Release|Any CPU.Build.0 = Release|Any CPU
		{DFD40C35-B105-446A-A908-A751848DEEE6}.Debug|Any CPU.ActiveCfg = Debug|Any CPU
		{DFD40C35-B105-446A-A908-A751848DEEE6}.Debug|Any CPU.Build.0 = Debug|Any CPU
		{DFD40C35-B105-446A-A908-A751848DEEE6}.Release|Any CPU.ActiveCfg = Release|Any CPU
		{DFD40C35-B105-446A-A908-A751848DEEE6}.Release|Any CPU.Build.0 = Release|Any CPU
		{30DD17D7-82C7-42C9-8640-19D410CAB33C}.Debug|Any CPU.ActiveCfg = Debug|Any CPU
		{30DD17D7-82C7-42C9-8640-19D410CAB33C}.Debug|Any CPU.Build.0 = Debug|Any CPU
		{30DD17D7-82C7-42C9-8640-19D410CAB33C}.Release|Any CPU.ActiveCfg = Release|Any CPU
		{30DD17D7-82C7-42C9-8640-19D410CAB33C}.Release|Any CPU.Build.0 = Release|Any CPU
		{AD3CD2D5-B0DC-4CB7-A6C3-F353B5F01F7E}.Debug|Any CPU.ActiveCfg = Debug|Any CPU
		{AD3CD2D5-B0DC-4CB7-A6C3-F353B5F01F7E}.Debug|Any CPU.Build.0 = Debug|Any CPU
		{AD3CD2D5-B0DC-4CB7-A6C3-F353B5F01F7E}.Release|Any CPU.ActiveCfg = Release|Any CPU
		{AD3CD2D5-B0DC-4CB7-A6C3-F353B5F01F7E}.Release|Any CPU.Build.0 = Release|Any CPU
		{83D3901A-2979-4DD2-B2A6-D1740CD4D958}.Debug|Any CPU.ActiveCfg = Debug|Any CPU
		{83D3901A-2979-4DD2-B2A6-D1740CD4D958}.Debug|Any CPU.Build.0 = Debug|Any CPU
		{83D3901A-2979-4DD2-B2A6-D1740CD4D958}.Release|Any CPU.ActiveCfg = Release|Any CPU
		{83D3901A-2979-4DD2-B2A6-D1740CD4D958}.Release|Any CPU.Build.0 = Release|Any CPU
		{846D559D-C612-4B9F-B5C9-5416086ABE47}.Debug|Any CPU.ActiveCfg = Debug|Any CPU
		{846D559D-C612-4B9F-B5C9-5416086ABE47}.Debug|Any CPU.Build.0 = Debug|Any CPU
		{846D559D-C612-4B9F-B5C9-5416086ABE47}.Release|Any CPU.ActiveCfg = Release|Any CPU
		{846D559D-C612-4B9F-B5C9-5416086ABE47}.Release|Any CPU.Build.0 = Release|Any CPU
		{0705C68A-C685-4A33-8A44-B6CB025BF002}.Debug|Any CPU.ActiveCfg = Debug|Any CPU
		{0705C68A-C685-4A33-8A44-B6CB025BF002}.Debug|Any CPU.Build.0 = Debug|Any CPU
		{0705C68A-C685-4A33-8A44-B6CB025BF002}.Release|Any CPU.ActiveCfg = Release|Any CPU
		{0705C68A-C685-4A33-8A44-B6CB025BF002}.Release|Any CPU.Build.0 = Release|Any CPU
		{89FFF770-0EEC-475C-B093-E553C91F8AF8}.Debug|Any CPU.ActiveCfg = Debug|Any CPU
		{89FFF770-0EEC-475C-B093-E553C91F8AF8}.Debug|Any CPU.Build.0 = Debug|Any CPU
		{89FFF770-0EEC-475C-B093-E553C91F8AF8}.Release|Any CPU.ActiveCfg = Release|Any CPU
		{89FFF770-0EEC-475C-B093-E553C91F8AF8}.Release|Any CPU.Build.0 = Release|Any CPU
		{FB4AE7CF-E8AE-4AF9-931A-3B56B9759018}.Debug|Any CPU.ActiveCfg = Debug|Any CPU
		{FB4AE7CF-E8AE-4AF9-931A-3B56B9759018}.Debug|Any CPU.Build.0 = Debug|Any CPU
		{FB4AE7CF-E8AE-4AF9-931A-3B56B9759018}.Release|Any CPU.ActiveCfg = Release|Any CPU
		{FB4AE7CF-E8AE-4AF9-931A-3B56B9759018}.Release|Any CPU.Build.0 = Release|Any CPU
		{43386129-F8AD-44FE-A4D2-4EAB61627326}.Debug|Any CPU.ActiveCfg = Debug|Any CPU
		{43386129-F8AD-44FE-A4D2-4EAB61627326}.Debug|Any CPU.Build.0 = Debug|Any CPU
		{43386129-F8AD-44FE-A4D2-4EAB61627326}.Release|Any CPU.ActiveCfg = Release|Any CPU
		{43386129-F8AD-44FE-A4D2-4EAB61627326}.Release|Any CPU.Build.0 = Release|Any CPU
		{17C1ABC8-E125-4BE5-83A1-E1795311F56B}.Debug|Any CPU.ActiveCfg = Debug|Any CPU
		{17C1ABC8-E125-4BE5-83A1-E1795311F56B}.Debug|Any CPU.Build.0 = Debug|Any CPU
		{17C1ABC8-E125-4BE5-83A1-E1795311F56B}.Release|Any CPU.ActiveCfg = Release|Any CPU
		{17C1ABC8-E125-4BE5-83A1-E1795311F56B}.Release|Any CPU.Build.0 = Release|Any CPU
		{4EF752EB-DC11-460B-A953-6F56F02514B0}.Debug|Any CPU.ActiveCfg = Debug|Any CPU
		{4EF752EB-DC11-460B-A953-6F56F02514B0}.Debug|Any CPU.Build.0 = Debug|Any CPU
		{4EF752EB-DC11-460B-A953-6F56F02514B0}.Release|Any CPU.ActiveCfg = Release|Any CPU
		{4EF752EB-DC11-460B-A953-6F56F02514B0}.Release|Any CPU.Build.0 = Release|Any CPU
		{F7592006-3EB4-4766-A50D-D682582D6F5C}.Debug|Any CPU.ActiveCfg = Debug|Any CPU
		{F7592006-3EB4-4766-A50D-D682582D6F5C}.Debug|Any CPU.Build.0 = Debug|Any CPU
		{F7592006-3EB4-4766-A50D-D682582D6F5C}.Release|Any CPU.ActiveCfg = Release|Any CPU
		{F7592006-3EB4-4766-A50D-D682582D6F5C}.Release|Any CPU.Build.0 = Release|Any CPU
		{D088635F-287C-4E9C-9F4A-6CD577F843DC}.Debug|Any CPU.ActiveCfg = Debug|Any CPU
		{D088635F-287C-4E9C-9F4A-6CD577F843DC}.Debug|Any CPU.Build.0 = Debug|Any CPU
		{D088635F-287C-4E9C-9F4A-6CD577F843DC}.Release|Any CPU.ActiveCfg = Release|Any CPU
		{D088635F-287C-4E9C-9F4A-6CD577F843DC}.Release|Any CPU.Build.0 = Release|Any CPU
		{CB5C9C50-842A-4DD7-A6D8-2F92E0CE14C1}.Debug|Any CPU.ActiveCfg = Debug|Any CPU
		{CB5C9C50-842A-4DD7-A6D8-2F92E0CE14C1}.Debug|Any CPU.Build.0 = Debug|Any CPU
		{CB5C9C50-842A-4DD7-A6D8-2F92E0CE14C1}.Release|Any CPU.ActiveCfg = Release|Any CPU
		{CB5C9C50-842A-4DD7-A6D8-2F92E0CE14C1}.Release|Any CPU.Build.0 = Release|Any CPU
		{9DD21256-A4D0-42B4-88EE-C9E06DCB81CD}.Debug|Any CPU.ActiveCfg = Debug|Any CPU
		{9DD21256-A4D0-42B4-88EE-C9E06DCB81CD}.Debug|Any CPU.Build.0 = Debug|Any CPU
		{9DD21256-A4D0-42B4-88EE-C9E06DCB81CD}.Release|Any CPU.ActiveCfg = Release|Any CPU
		{9DD21256-A4D0-42B4-88EE-C9E06DCB81CD}.Release|Any CPU.Build.0 = Release|Any CPU
		{22866FB8-DE05-43C7-AE2C-7A4FB54C8B05}.Debug|Any CPU.ActiveCfg = Debug|Any CPU
		{22866FB8-DE05-43C7-AE2C-7A4FB54C8B05}.Debug|Any CPU.Build.0 = Debug|Any CPU
		{22866FB8-DE05-43C7-AE2C-7A4FB54C8B05}.Release|Any CPU.ActiveCfg = Release|Any CPU
		{22866FB8-DE05-43C7-AE2C-7A4FB54C8B05}.Release|Any CPU.Build.0 = Release|Any CPU
		{B15807C0-38C4-4254-ADD2-EA9062AA3A52}.Debug|Any CPU.ActiveCfg = Debug|Any CPU
		{B15807C0-38C4-4254-ADD2-EA9062AA3A52}.Debug|Any CPU.Build.0 = Debug|Any CPU
		{B15807C0-38C4-4254-ADD2-EA9062AA3A52}.Release|Any CPU.ActiveCfg = Release|Any CPU
		{B15807C0-38C4-4254-ADD2-EA9062AA3A52}.Release|Any CPU.Build.0 = Release|Any CPU
		{6E3A4F74-4E9C-4AC6-B0D2-990571C3009B}.Debug|Any CPU.ActiveCfg = Debug|Any CPU
		{6E3A4F74-4E9C-4AC6-B0D2-990571C3009B}.Debug|Any CPU.Build.0 = Debug|Any CPU
		{6E3A4F74-4E9C-4AC6-B0D2-990571C3009B}.Release|Any CPU.ActiveCfg = Release|Any CPU
		{6E3A4F74-4E9C-4AC6-B0D2-990571C3009B}.Release|Any CPU.Build.0 = Release|Any CPU
		{BCB3061C-2600-48FF-9824-05FAE8088B98}.Debug|Any CPU.ActiveCfg = Debug|Any CPU
		{BCB3061C-2600-48FF-9824-05FAE8088B98}.Debug|Any CPU.Build.0 = Debug|Any CPU
		{BCB3061C-2600-48FF-9824-05FAE8088B98}.Release|Any CPU.ActiveCfg = Release|Any CPU
		{BCB3061C-2600-48FF-9824-05FAE8088B98}.Release|Any CPU.Build.0 = Release|Any CPU
		{0CFF6FCE-7CA5-4C08-86AD-DCA570B60FC0}.Debug|Any CPU.ActiveCfg = Debug|Any CPU
		{0CFF6FCE-7CA5-4C08-86AD-DCA570B60FC0}.Debug|Any CPU.Build.0 = Debug|Any CPU
		{0CFF6FCE-7CA5-4C08-86AD-DCA570B60FC0}.Release|Any CPU.ActiveCfg = Release|Any CPU
		{0CFF6FCE-7CA5-4C08-86AD-DCA570B60FC0}.Release|Any CPU.Build.0 = Release|Any CPU
	EndGlobalSection
	GlobalSection(SolutionProperties) = preSolution
		HideSolutionNode = FALSE
	EndGlobalSection
	GlobalSection(NestedProjects) = preSolution
		{0B2DB572-7FC9-4DA2-BB37-44B5372D67C5} = {27F91F60-25B3-49E0-AE7F-3B2F66C3B596}
		{90DE7B00-CFE8-4AE5-8C46-38EE1C5B670B} = {27F91F60-25B3-49E0-AE7F-3B2F66C3B596}
		{69BF2971-C9C2-4E56-9F44-F2AA8EBEF05C} = {EE2B689E-1631-4924-92BE-C889384757D4}
		{12B3AF8D-110B-4B93-8DB7-29D5E660D0F5} = {13A08E18-C5B2-4851-B5AB-E72C5F98136A}
		{4BE05AF5-E7CE-430E-B3D5-022859D649D8} = {512F3BAE-6470-447F-9E31-EAB7AA18D237}
		{EE2B689E-1631-4924-92BE-C889384757D4} = {DF81B5D1-4A3C-4E95-BD5B-CBC5195FC4BE}
		{512F3BAE-6470-447F-9E31-EAB7AA18D237} = {DF81B5D1-4A3C-4E95-BD5B-CBC5195FC4BE}
		{13A08E18-C5B2-4851-B5AB-E72C5F98136A} = {DF81B5D1-4A3C-4E95-BD5B-CBC5195FC4BE}
		{20C82AF8-F979-4E63-99C6-5AD39B589381} = {DF81B5D1-4A3C-4E95-BD5B-CBC5195FC4BE}
		{51D4B277-1000-43DD-A823-4D0808617B37} = {EE2B689E-1631-4924-92BE-C889384757D4}
		{D06F5294-73B5-40E7-A3AD-CFC16FEB1E71} = {20C82AF8-F979-4E63-99C6-5AD39B589381}
		{43E90A36-BBDC-451A-B822-0BD106A5FA08} = {903D4F6B-605C-45CA-89FA-2421AFB89B89}
		{F01F8E9A-8A50-4F1E-83EF-FB671C7800C3} = {43E90A36-BBDC-451A-B822-0BD106A5FA08}
		{5B8FF61A-440C-4137-AC4B-F628479A536E} = {43E90A36-BBDC-451A-B822-0BD106A5FA08}
		{CAF5EB3E-2B37-41E9-94A4-F3ACE13315A9} = {43E90A36-BBDC-451A-B822-0BD106A5FA08}
		{258CACB9-E565-45F4-969C-1F17DF54A9B1} = {13A08E18-C5B2-4851-B5AB-E72C5F98136A}
		{1F239340-1D2B-4DBF-8D6E-38F55057C5DF} = {903D4F6B-605C-45CA-89FA-2421AFB89B89}
		{43B33C4E-14EE-477D-B5BF-E1B23FC5C9AB} = {1F239340-1D2B-4DBF-8D6E-38F55057C5DF}
		{53D2A7CF-D31F-4737-A5C2-4871863A2746} = {1F239340-1D2B-4DBF-8D6E-38F55057C5DF}
		{A55DF4A7-5586-4CAF-A23F-7EBA5DBE0DDE} = {43E90A36-BBDC-451A-B822-0BD106A5FA08}
		{041F0B55-13B0-4F30-B97C-50BA334B8379} = {903D4F6B-605C-45CA-89FA-2421AFB89B89}
		{7DCD320F-5B94-4E49-9FA7-40DE8B31FD4F} = {041F0B55-13B0-4F30-B97C-50BA334B8379}
		{985F30BC-EF5D-4B90-9EC2-620DB31A4D14} = {903D4F6B-605C-45CA-89FA-2421AFB89B89}
		{CC373A4D-70F7-4D86-9F05-358C189981E2} = {903D4F6B-605C-45CA-89FA-2421AFB89B89}
		{6140F0DF-FCBB-429B-8D40-BA29D7401C95} = {CC373A4D-70F7-4D86-9F05-358C189981E2}
		{B2EE4FC7-17BE-41FD-94C3-35798C016549} = {CC373A4D-70F7-4D86-9F05-358C189981E2}
		{29C5A27F-96BE-4A85-9561-69F03F59E1BA} = {903D4F6B-605C-45CA-89FA-2421AFB89B89}
		{424ED578-EEF5-4623-8C4F-9402F32A108D} = {1753B5D8-95BE-448D-8187-829F96204B5D}
		{78E900E4-0554-4DB8-8BAF-450A7D359BF3} = {1753B5D8-95BE-448D-8187-829F96204B5D}
		{A14F9F15-CB2B-40CB-9E12-4E3608B34835} = {903D4F6B-605C-45CA-89FA-2421AFB89B89}
		{2FBCD2D9-E0C4-405B-B871-C5409EAACF93} = {1753B5D8-95BE-448D-8187-829F96204B5D}
		{6DA7377B-7D93-49E9-B120-F99DF87C86CE} = {1753B5D8-95BE-448D-8187-829F96204B5D}
		{E06E5E68-6B60-4E04-AD15-81185D0EBC97} = {C3E01877-63F6-4033-B8F8-E532AB282D38}
		{A65B0096-2C7A-4BDE-97CA-9B19A71B32AD} = {6C93AA7A-AF88-49F7-9310-BEBD129F4616}
		{6C93AA7A-AF88-49F7-9310-BEBD129F4616} = {C3E01877-63F6-4033-B8F8-E532AB282D38}
		{FF626039-E2F6-408A-8934-80C6B3938B15} = {C3E01877-63F6-4033-B8F8-E532AB282D38}
		{A5C7153B-BDCB-426E-95EE-82A0D5AB2BB8} = {C3E01877-63F6-4033-B8F8-E532AB282D38}
		{D8742C65-BAAA-4CB3-BD89-34F0223F43C0} = {C3E01877-63F6-4033-B8F8-E532AB282D38}
		{91096896-4E4A-4628-B597-488374522EDB} = {C3E01877-63F6-4033-B8F8-E532AB282D38}
		{3083B283-84CF-46EF-BDDD-985C6FFE6472} = {C3E01877-63F6-4033-B8F8-E532AB282D38}
		{8719D69C-27D6-40FF-9C03-FE41D593F0FB} = {C3E01877-63F6-4033-B8F8-E532AB282D38}
		{E0AC8618-1E84-463A-8D46-C34B92BA805D} = {C3E01877-63F6-4033-B8F8-E532AB282D38}
		{80BFCB88-67C5-4336-8494-76A57B972230} = {C3E01877-63F6-4033-B8F8-E532AB282D38}
		{CD9EC275-BD7C-439F-91CE-820C975E9051} = {C3E01877-63F6-4033-B8F8-E532AB282D38}
		{CD2385B7-FE44-4FFB-B4F9-010CF7BF236B} = {C3E01877-63F6-4033-B8F8-E532AB282D38}
		{060C9923-EB97-40DF-AAB6-1CA910125C09} = {CD2385B7-FE44-4FFB-B4F9-010CF7BF236B}
		{446BF8FD-776B-4FB5-97E8-A46CB3F0014B} = {CD2385B7-FE44-4FFB-B4F9-010CF7BF236B}
		{33E8301E-FEF1-4CBA-A0E4-C5E47E56F64B} = {CD2385B7-FE44-4FFB-B4F9-010CF7BF236B}
		{D4B1014A-1514-4509-8218-8A670EB2D3AC} = {CD2385B7-FE44-4FFB-B4F9-010CF7BF236B}
		{EC78C249-93A0-48F6-A4EE-156C10308A78} = {F240D653-1A54-44AB-850C-1587298C2473}
		{33D90DA5-0400-43AE-905B-E23DE5B81720} = {BFE96429-3B72-4748-8810-7A846E63D3A7}
		{86AA387F-9C6E-486F-8D46-D4607EAAECC4} = {33D90DA5-0400-43AE-905B-E23DE5B81720}
		{F240D653-1A54-44AB-850C-1587298C2473} = {BFE96429-3B72-4748-8810-7A846E63D3A7}
		{027D46BE-4ACF-4E5F-A253-A20CBF6DCBCD} = {BFE96429-3B72-4748-8810-7A846E63D3A7}
		{98254144-B419-43A0-BDDD-9E2276394632} = {027D46BE-4ACF-4E5F-A253-A20CBF6DCBCD}
		{DFD40C35-B105-446A-A908-A751848DEEE6} = {027D46BE-4ACF-4E5F-A253-A20CBF6DCBCD}
		{30DD17D7-82C7-42C9-8640-19D410CAB33C} = {1753B5D8-95BE-448D-8187-829F96204B5D}
		{AB64DC3A-7361-46D2-99F1-1F1B476C9DBE} = {33D90DA5-0400-43AE-905B-E23DE5B81720}
		{AF97EC9B-FBC3-4625-8D9F-29938B4C2060} = {33D90DA5-0400-43AE-905B-E23DE5B81720}
		{12441DC2-582B-43D9-978C-BD1C77BA3E4A} = {BFE96429-3B72-4748-8810-7A846E63D3A7}
		{AD3CD2D5-B0DC-4CB7-A6C3-F353B5F01F7E} = {12441DC2-582B-43D9-978C-BD1C77BA3E4A}
		{AA7AB26E-8317-4AD9-81DC-77C607470811} = {33D90DA5-0400-43AE-905B-E23DE5B81720}
		{E37D0919-D341-4249-B808-1153F244E827} = {33D90DA5-0400-43AE-905B-E23DE5B81720}
		{83D3901A-2979-4DD2-B2A6-D1740CD4D958} = {BFE96429-3B72-4748-8810-7A846E63D3A7}
		{846D559D-C612-4B9F-B5C9-5416086ABE47} = {4568E98A-139F-41F4-A896-CD7235D7FDF5}
		{0705C68A-C685-4A33-8A44-B6CB025BF002} = {4568E98A-139F-41F4-A896-CD7235D7FDF5}
		{89FFF770-0EEC-475C-B093-E553C91F8AF8} = {4568E98A-139F-41F4-A896-CD7235D7FDF5}
		{FB4AE7CF-E8AE-4AF9-931A-3B56B9759018} = {4568E98A-139F-41F4-A896-CD7235D7FDF5}
		{43386129-F8AD-44FE-A4D2-4EAB61627326} = {4568E98A-139F-41F4-A896-CD7235D7FDF5}
		{0585D9F4-F554-4C90-A10E-B719C8FC0896} = {4568E98A-139F-41F4-A896-CD7235D7FDF5}
		{17C1ABC8-E125-4BE5-83A1-E1795311F56B} = {0585D9F4-F554-4C90-A10E-B719C8FC0896}
		{4EF752EB-DC11-460B-A953-6F56F02514B0} = {0585D9F4-F554-4C90-A10E-B719C8FC0896}
		{F7592006-3EB4-4766-A50D-D682582D6F5C} = {0585D9F4-F554-4C90-A10E-B719C8FC0896}
		{D088635F-287C-4E9C-9F4A-6CD577F843DC} = {4568E98A-139F-41F4-A896-CD7235D7FDF5}
		{CB5C9C50-842A-4DD7-A6D8-2F92E0CE14C1} = {4568E98A-139F-41F4-A896-CD7235D7FDF5}
		{9DD21256-A4D0-42B4-88EE-C9E06DCB81CD} = {4568E98A-139F-41F4-A896-CD7235D7FDF5}
		{22866FB8-DE05-43C7-AE2C-7A4FB54C8B05} = {4568E98A-139F-41F4-A896-CD7235D7FDF5}
		{D5CD8CBF-749B-4576-BE5B-3D6B157FADC5} = {4568E98A-139F-41F4-A896-CD7235D7FDF5}
		{B15807C0-38C4-4254-ADD2-EA9062AA3A52} = {D5CD8CBF-749B-4576-BE5B-3D6B157FADC5}
		{6E3A4F74-4E9C-4AC6-B0D2-990571C3009B} = {D5CD8CBF-749B-4576-BE5B-3D6B157FADC5}
		{BCB3061C-2600-48FF-9824-05FAE8088B98} = {D5CD8CBF-749B-4576-BE5B-3D6B157FADC5}
		{0CFF6FCE-7CA5-4C08-86AD-DCA570B60FC0} = {D5CD8CBF-749B-4576-BE5B-3D6B157FADC5}
	EndGlobalSection
	GlobalSection(ExtensibilityGlobals) = postSolution
		SolutionGuid = {49EE4D09-6432-4757-A82A-D61A29BD0057}
	EndGlobalSection
EndGlobal
